// !$*UTF8*$!
{
	archiveVersion = 1;
	classes = {
	};
	objectVersion = 50;
	objects = {

/* Begin PBXBuildFile section */
		2A326336250F61D4009D2AEA /* SettingsViewController.swift in Sources */ = {isa = PBXBuildFile; fileRef = 2A326335250F61D4009D2AEA /* SettingsViewController.swift */; };
		2AC9F4F024FEB5280094A177 /* AppDelegate.swift in Sources */ = {isa = PBXBuildFile; fileRef = 2AC9F4EF24FEB5280094A177 /* AppDelegate.swift */; };
		2AC9F4F224FEB5280094A177 /* SceneDelegate.swift in Sources */ = {isa = PBXBuildFile; fileRef = 2AC9F4F124FEB5280094A177 /* SceneDelegate.swift */; };
		2AC9F4F424FEB5280094A177 /* ViewController.swift in Sources */ = {isa = PBXBuildFile; fileRef = 2AC9F4F324FEB5280094A177 /* ViewController.swift */; };
		2AC9F4F724FEB5280094A177 /* Main.storyboard in Resources */ = {isa = PBXBuildFile; fileRef = 2AC9F4F524FEB5280094A177 /* Main.storyboard */; };
		2AC9F4F924FEB5290094A177 /* Assets.xcassets in Resources */ = {isa = PBXBuildFile; fileRef = 2AC9F4F824FEB5290094A177 /* Assets.xcassets */; };
		2AC9F4FC24FEB5290094A177 /* LaunchScreen.storyboard in Resources */ = {isa = PBXBuildFile; fileRef = 2AC9F4FA24FEB5290094A177 /* LaunchScreen.storyboard */; };
		2AC9F50724FEB52A0094A177 /* CalculatorTests.swift in Sources */ = {isa = PBXBuildFile; fileRef = 2AC9F50624FEB52A0094A177 /* CalculatorTests.swift */; };
		2AC9F51224FEB52A0094A177 /* CalculatorUITests.swift in Sources */ = {isa = PBXBuildFile; fileRef = 2AC9F51124FEB52A0094A177 /* CalculatorUITests.swift */; };
/* End PBXBuildFile section */

/* Begin PBXContainerItemProxy section */
		2AC9F50324FEB52A0094A177 /* PBXContainerItemProxy */ = {
			isa = PBXContainerItemProxy;
			containerPortal = 2AC9F4E424FEB5280094A177 /* Project object */;
			proxyType = 1;
			remoteGlobalIDString = 2AC9F4EB24FEB5280094A177;
			remoteInfo = Calculator;
		};
		2AC9F50E24FEB52A0094A177 /* PBXContainerItemProxy */ = {
			isa = PBXContainerItemProxy;
			containerPortal = 2AC9F4E424FEB5280094A177 /* Project object */;
			proxyType = 1;
			remoteGlobalIDString = 2AC9F4EB24FEB5280094A177;
			remoteInfo = Calculator;
		};
/* End PBXContainerItemProxy section */

/* Begin PBXFileReference section */
		2A326335250F61D4009D2AEA /* SettingsViewController.swift */ = {isa = PBXFileReference; lastKnownFileType = sourcecode.swift; path = SettingsViewController.swift; sourceTree = "<group>"; };
		2AC9F4EC24FEB5280094A177 /* Calculator.app */ = {isa = PBXFileReference; explicitFileType = wrapper.application; includeInIndex = 0; path = Calculator.app; sourceTree = BUILT_PRODUCTS_DIR; };
		2AC9F4EF24FEB5280094A177 /* AppDelegate.swift */ = {isa = PBXFileReference; lastKnownFileType = sourcecode.swift; path = AppDelegate.swift; sourceTree = "<group>"; };
		2AC9F4F124FEB5280094A177 /* SceneDelegate.swift */ = {isa = PBXFileReference; lastKnownFileType = sourcecode.swift; path = SceneDelegate.swift; sourceTree = "<group>"; };
		2AC9F4F324FEB5280094A177 /* ViewController.swift */ = {isa = PBXFileReference; lastKnownFileType = sourcecode.swift; path = ViewController.swift; sourceTree = "<group>"; };
		2AC9F4F624FEB5280094A177 /* Base */ = {isa = PBXFileReference; lastKnownFileType = file.storyboard; name = Base; path = Base.lproj/Main.storyboard; sourceTree = "<group>"; };
		2AC9F4F824FEB5290094A177 /* Assets.xcassets */ = {isa = PBXFileReference; lastKnownFileType = folder.assetcatalog; path = Assets.xcassets; sourceTree = "<group>"; };
		2AC9F4FB24FEB5290094A177 /* Base */ = {isa = PBXFileReference; lastKnownFileType = file.storyboard; name = Base; path = Base.lproj/LaunchScreen.storyboard; sourceTree = "<group>"; };
		2AC9F4FD24FEB5290094A177 /* Info.plist */ = {isa = PBXFileReference; lastKnownFileType = text.plist.xml; path = Info.plist; sourceTree = "<group>"; };
		2AC9F50224FEB52A0094A177 /* CalculatorTests.xctest */ = {isa = PBXFileReference; explicitFileType = wrapper.cfbundle; includeInIndex = 0; path = CalculatorTests.xctest; sourceTree = BUILT_PRODUCTS_DIR; };
		2AC9F50624FEB52A0094A177 /* CalculatorTests.swift */ = {isa = PBXFileReference; lastKnownFileType = sourcecode.swift; path = CalculatorTests.swift; sourceTree = "<group>"; };
		2AC9F50824FEB52A0094A177 /* Info.plist */ = {isa = PBXFileReference; lastKnownFileType = text.plist.xml; path = Info.plist; sourceTree = "<group>"; };
		2AC9F50D24FEB52A0094A177 /* CalculatorUITests.xctest */ = {isa = PBXFileReference; explicitFileType = wrapper.cfbundle; includeInIndex = 0; path = CalculatorUITests.xctest; sourceTree = BUILT_PRODUCTS_DIR; };
		2AC9F51124FEB52A0094A177 /* CalculatorUITests.swift */ = {isa = PBXFileReference; lastKnownFileType = sourcecode.swift; path = CalculatorUITests.swift; sourceTree = "<group>"; };
		2AC9F51324FEB52A0094A177 /* Info.plist */ = {isa = PBXFileReference; lastKnownFileType = text.plist.xml; path = Info.plist; sourceTree = "<group>"; };
/* End PBXFileReference section */

/* Begin PBXFrameworksBuildPhase section */
		2AC9F4E924FEB5280094A177 /* Frameworks */ = {
			isa = PBXFrameworksBuildPhase;
			buildActionMask = 2147483647;
			files = (
			);
			runOnlyForDeploymentPostprocessing = 0;
		};
		2AC9F4FF24FEB52A0094A177 /* Frameworks */ = {
			isa = PBXFrameworksBuildPhase;
			buildActionMask = 2147483647;
			files = (
			);
			runOnlyForDeploymentPostprocessing = 0;
		};
		2AC9F50A24FEB52A0094A177 /* Frameworks */ = {
			isa = PBXFrameworksBuildPhase;
			buildActionMask = 2147483647;
			files = (
			);
			runOnlyForDeploymentPostprocessing = 0;
		};
/* End PBXFrameworksBuildPhase section */

/* Begin PBXGroup section */
		2AC9F4E324FEB5280094A177 = {
			isa = PBXGroup;
			children = (
				2AC9F4EE24FEB5280094A177 /* Calculator */,
				2AC9F50524FEB52A0094A177 /* CalculatorTests */,
				2AC9F51024FEB52A0094A177 /* CalculatorUITests */,
				2AC9F4ED24FEB5280094A177 /* Products */,
			);
			sourceTree = "<group>";
		};
		2AC9F4ED24FEB5280094A177 /* Products */ = {
			isa = PBXGroup;
			children = (
				2AC9F4EC24FEB5280094A177 /* Calculator.app */,
				2AC9F50224FEB52A0094A177 /* CalculatorTests.xctest */,
				2AC9F50D24FEB52A0094A177 /* CalculatorUITests.xctest */,
			);
			name = Products;
			sourceTree = "<group>";
		};
		2AC9F4EE24FEB5280094A177 /* Calculator */ = {
			isa = PBXGroup;
			children = (
				2AC9F4EF24FEB5280094A177 /* AppDelegate.swift */,
				2AC9F4F124FEB5280094A177 /* SceneDelegate.swift */,
				2AC9F4F324FEB5280094A177 /* ViewController.swift */,
				2AC9F4F524FEB5280094A177 /* Main.storyboard */,
				2AC9F4F824FEB5290094A177 /* Assets.xcassets */,
				2AC9F4FA24FEB5290094A177 /* LaunchScreen.storyboard */,
				2AC9F4FD24FEB5290094A177 /* Info.plist */,
				2A326335250F61D4009D2AEA /* SettingsViewController.swift */,
			);
			path = Calculator;
			sourceTree = "<group>";
		};
		2AC9F50524FEB52A0094A177 /* CalculatorTests */ = {
			isa = PBXGroup;
			children = (
				2AC9F50624FEB52A0094A177 /* CalculatorTests.swift */,
				2AC9F50824FEB52A0094A177 /* Info.plist */,
			);
			path = CalculatorTests;
			sourceTree = "<group>";
		};
		2AC9F51024FEB52A0094A177 /* CalculatorUITests */ = {
			isa = PBXGroup;
			children = (
				2AC9F51124FEB52A0094A177 /* CalculatorUITests.swift */,
				2AC9F51324FEB52A0094A177 /* Info.plist */,
			);
			path = CalculatorUITests;
			sourceTree = "<group>";
		};
/* End PBXGroup section */

/* Begin PBXNativeTarget section */
		2AC9F4EB24FEB5280094A177 /* Calculator */ = {
			isa = PBXNativeTarget;
			buildConfigurationList = 2AC9F51624FEB52A0094A177 /* Build configuration list for PBXNativeTarget "Calculator" */;
			buildPhases = (
				2AC9F4E824FEB5280094A177 /* Sources */,
				2AC9F4E924FEB5280094A177 /* Frameworks */,
				2AC9F4EA24FEB5280094A177 /* Resources */,
			);
			buildRules = (
			);
			dependencies = (
			);
			name = Calculator;
			productName = Calculator;
			productReference = 2AC9F4EC24FEB5280094A177 /* Calculator.app */;
			productType = "com.apple.product-type.application";
		};
		2AC9F50124FEB52A0094A177 /* CalculatorTests */ = {
			isa = PBXNativeTarget;
			buildConfigurationList = 2AC9F51924FEB52A0094A177 /* Build configuration list for PBXNativeTarget "CalculatorTests" */;
			buildPhases = (
				2AC9F4FE24FEB52A0094A177 /* Sources */,
				2AC9F4FF24FEB52A0094A177 /* Frameworks */,
				2AC9F50024FEB52A0094A177 /* Resources */,
			);
			buildRules = (
			);
			dependencies = (
				2AC9F50424FEB52A0094A177 /* PBXTargetDependency */,
			);
			name = CalculatorTests;
			productName = CalculatorTests;
			productReference = 2AC9F50224FEB52A0094A177 /* CalculatorTests.xctest */;
			productType = "com.apple.product-type.bundle.unit-test";
		};
		2AC9F50C24FEB52A0094A177 /* CalculatorUITests */ = {
			isa = PBXNativeTarget;
			buildConfigurationList = 2AC9F51C24FEB52A0094A177 /* Build configuration list for PBXNativeTarget "CalculatorUITests" */;
			buildPhases = (
				2AC9F50924FEB52A0094A177 /* Sources */,
				2AC9F50A24FEB52A0094A177 /* Frameworks */,
				2AC9F50B24FEB52A0094A177 /* Resources */,
			);
			buildRules = (
			);
			dependencies = (
				2AC9F50F24FEB52A0094A177 /* PBXTargetDependency */,
			);
			name = CalculatorUITests;
			productName = CalculatorUITests;
			productReference = 2AC9F50D24FEB52A0094A177 /* CalculatorUITests.xctest */;
			productType = "com.apple.product-type.bundle.ui-testing";
		};
/* End PBXNativeTarget section */

/* Begin PBXProject section */
		2AC9F4E424FEB5280094A177 /* Project object */ = {
			isa = PBXProject;
			attributes = {
				LastSwiftUpdateCheck = 1160;
				LastUpgradeCheck = 1160;
				ORGANIZATIONNAME = YanniSperon;
				TargetAttributes = {
					2AC9F4EB24FEB5280094A177 = {
						CreatedOnToolsVersion = 11.6;
					};
					2AC9F50124FEB52A0094A177 = {
						CreatedOnToolsVersion = 11.6;
						TestTargetID = 2AC9F4EB24FEB5280094A177;
					};
					2AC9F50C24FEB52A0094A177 = {
						CreatedOnToolsVersion = 11.6;
						TestTargetID = 2AC9F4EB24FEB5280094A177;
					};
				};
			};
			buildConfigurationList = 2AC9F4E724FEB5280094A177 /* Build configuration list for PBXProject "Calculator" */;
			compatibilityVersion = "Xcode 9.3";
			developmentRegion = en;
			hasScannedForEncodings = 0;
			knownRegions = (
				en,
				Base,
			);
			mainGroup = 2AC9F4E324FEB5280094A177;
			productRefGroup = 2AC9F4ED24FEB5280094A177 /* Products */;
			projectDirPath = "";
			projectRoot = "";
			targets = (
				2AC9F4EB24FEB5280094A177 /* Calculator */,
				2AC9F50124FEB52A0094A177 /* CalculatorTests */,
				2AC9F50C24FEB52A0094A177 /* CalculatorUITests */,
			);
		};
/* End PBXProject section */

/* Begin PBXResourcesBuildPhase section */
		2AC9F4EA24FEB5280094A177 /* Resources */ = {
			isa = PBXResourcesBuildPhase;
			buildActionMask = 2147483647;
			files = (
				2AC9F4FC24FEB5290094A177 /* LaunchScreen.storyboard in Resources */,
				2AC9F4F924FEB5290094A177 /* Assets.xcassets in Resources */,
				2AC9F4F724FEB5280094A177 /* Main.storyboard in Resources */,
			);
			runOnlyForDeploymentPostprocessing = 0;
		};
		2AC9F50024FEB52A0094A177 /* Resources */ = {
			isa = PBXResourcesBuildPhase;
			buildActionMask = 2147483647;
			files = (
			);
			runOnlyForDeploymentPostprocessing = 0;
		};
		2AC9F50B24FEB52A0094A177 /* Resources */ = {
			isa = PBXResourcesBuildPhase;
			buildActionMask = 2147483647;
			files = (
			);
			runOnlyForDeploymentPostprocessing = 0;
		};
/* End PBXResourcesBuildPhase section */

/* Begin PBXSourcesBuildPhase section */
		2AC9F4E824FEB5280094A177 /* Sources */ = {
			isa = PBXSourcesBuildPhase;
			buildActionMask = 2147483647;
			files = (
				2AC9F4F424FEB5280094A177 /* ViewController.swift in Sources */,
				2AC9F4F024FEB5280094A177 /* AppDelegate.swift in Sources */,
				2AC9F4F224FEB5280094A177 /* SceneDelegate.swift in Sources */,
				2A326336250F61D4009D2AEA /* SettingsViewController.swift in Sources */,
			);
			runOnlyForDeploymentPostprocessing = 0;
		};
		2AC9F4FE24FEB52A0094A177 /* Sources */ = {
			isa = PBXSourcesBuildPhase;
			buildActionMask = 2147483647;
			files = (
				2AC9F50724FEB52A0094A177 /* CalculatorTests.swift in Sources */,
			);
			runOnlyForDeploymentPostprocessing = 0;
		};
		2AC9F50924FEB52A0094A177 /* Sources */ = {
			isa = PBXSourcesBuildPhase;
			buildActionMask = 2147483647;
			files = (
				2AC9F51224FEB52A0094A177 /* CalculatorUITests.swift in Sources */,
			);
			runOnlyForDeploymentPostprocessing = 0;
		};
/* End PBXSourcesBuildPhase section */

/* Begin PBXTargetDependency section */
		2AC9F50424FEB52A0094A177 /* PBXTargetDependency */ = {
			isa = PBXTargetDependency;
			target = 2AC9F4EB24FEB5280094A177 /* Calculator */;
			targetProxy = 2AC9F50324FEB52A0094A177 /* PBXContainerItemProxy */;
		};
		2AC9F50F24FEB52A0094A177 /* PBXTargetDependency */ = {
			isa = PBXTargetDependency;
			target = 2AC9F4EB24FEB5280094A177 /* Calculator */;
			targetProxy = 2AC9F50E24FEB52A0094A177 /* PBXContainerItemProxy */;
		};
/* End PBXTargetDependency section */

/* Begin PBXVariantGroup section */
		2AC9F4F524FEB5280094A177 /* Main.storyboard */ = {
			isa = PBXVariantGroup;
			children = (
				2AC9F4F624FEB5280094A177 /* Base */,
			);
			name = Main.storyboard;
			sourceTree = "<group>";
		};
		2AC9F4FA24FEB5290094A177 /* LaunchScreen.storyboard */ = {
			isa = PBXVariantGroup;
			children = (
				2AC9F4FB24FEB5290094A177 /* Base */,
			);
			name = LaunchScreen.storyboard;
			sourceTree = "<group>";
		};
/* End PBXVariantGroup section */

/* Begin XCBuildConfiguration section */
		2AC9F51424FEB52A0094A177 /* Debug */ = {
			isa = XCBuildConfiguration;
			buildSettings = {
				ALWAYS_SEARCH_USER_PATHS = NO;
				CLANG_ANALYZER_NONNULL = YES;
				CLANG_ANALYZER_NUMBER_OBJECT_CONVERSION = YES_AGGRESSIVE;
				CLANG_CXX_LANGUAGE_STANDARD = "gnu++14";
				CLANG_CXX_LIBRARY = "libc++";
				CLANG_ENABLE_MODULES = YES;
				CLANG_ENABLE_OBJC_ARC = YES;
				CLANG_ENABLE_OBJC_WEAK = YES;
				CLANG_WARN_BLOCK_CAPTURE_AUTORELEASING = YES;
				CLANG_WARN_BOOL_CONVERSION = YES;
				CLANG_WARN_COMMA = YES;
				CLANG_WARN_CONSTANT_CONVERSION = YES;
				CLANG_WARN_DEPRECATED_OBJC_IMPLEMENTATIONS = YES;
				CLANG_WARN_DIRECT_OBJC_ISA_USAGE = YES_ERROR;
				CLANG_WARN_DOCUMENTATION_COMMENTS = YES;
				CLANG_WARN_EMPTY_BODY = YES;
				CLANG_WARN_ENUM_CONVERSION = YES;
				CLANG_WARN_INFINITE_RECURSION = YES;
				CLANG_WARN_INT_CONVERSION = YES;
				CLANG_WARN_NON_LITERAL_NULL_CONVERSION = YES;
				CLANG_WARN_OBJC_IMPLICIT_RETAIN_SELF = YES;
				CLANG_WARN_OBJC_LITERAL_CONVERSION = YES;
				CLANG_WARN_OBJC_ROOT_CLASS = YES_ERROR;
				CLANG_WARN_RANGE_LOOP_ANALYSIS = YES;
				CLANG_WARN_STRICT_PROTOTYPES = YES;
				CLANG_WARN_SUSPICIOUS_MOVE = YES;
				CLANG_WARN_UNGUARDED_AVAILABILITY = YES_AGGRESSIVE;
				CLANG_WARN_UNREACHABLE_CODE = YES;
				CLANG_WARN__DUPLICATE_METHOD_MATCH = YES;
				COPY_PHASE_STRIP = NO;
				DEBUG_INFORMATION_FORMAT = dwarf;
				ENABLE_STRICT_OBJC_MSGSEND = YES;
				ENABLE_TESTABILITY = YES;
				GCC_C_LANGUAGE_STANDARD = gnu11;
				GCC_DYNAMIC_NO_PIC = NO;
				GCC_NO_COMMON_BLOCKS = YES;
				GCC_OPTIMIZATION_LEVEL = 0;
				GCC_PREPROCESSOR_DEFINITIONS = (
					"DEBUG=1",
					"$(inherited)",
				);
				GCC_WARN_64_TO_32_BIT_CONVERSION = YES;
				GCC_WARN_ABOUT_RETURN_TYPE = YES_ERROR;
				GCC_WARN_UNDECLARED_SELECTOR = YES;
				GCC_WARN_UNINITIALIZED_AUTOS = YES_AGGRESSIVE;
				GCC_WARN_UNUSED_FUNCTION = YES;
				GCC_WARN_UNUSED_VARIABLE = YES;
				IPHONEOS_DEPLOYMENT_TARGET = 13.6;
				MTL_ENABLE_DEBUG_INFO = INCLUDE_SOURCE;
				MTL_FAST_MATH = YES;
				ONLY_ACTIVE_ARCH = YES;
				SDKROOT = iphoneos;
				SWIFT_ACTIVE_COMPILATION_CONDITIONS = DEBUG;
				SWIFT_OPTIMIZATION_LEVEL = "-Onone";
			};
			name = Debug;
		};
		2AC9F51524FEB52A0094A177 /* Release */ = {
			isa = XCBuildConfiguration;
			buildSettings = {
				ALWAYS_SEARCH_USER_PATHS = NO;
				CLANG_ANALYZER_NONNULL = YES;
				CLANG_ANALYZER_NUMBER_OBJECT_CONVERSION = YES_AGGRESSIVE;
				CLANG_CXX_LANGUAGE_STANDARD = "gnu++14";
				CLANG_CXX_LIBRARY = "libc++";
				CLANG_ENABLE_MODULES = YES;
				CLANG_ENABLE_OBJC_ARC = YES;
				CLANG_ENABLE_OBJC_WEAK = YES;
				CLANG_WARN_BLOCK_CAPTURE_AUTORELEASING = YES;
				CLANG_WARN_BOOL_CONVERSION = YES;
				CLANG_WARN_COMMA = YES;
				CLANG_WARN_CONSTANT_CONVERSION = YES;
				CLANG_WARN_DEPRECATED_OBJC_IMPLEMENTATIONS = YES;
				CLANG_WARN_DIRECT_OBJC_ISA_USAGE = YES_ERROR;
				CLANG_WARN_DOCUMENTATION_COMMENTS = YES;
				CLANG_WARN_EMPTY_BODY = YES;
				CLANG_WARN_ENUM_CONVERSION = YES;
				CLANG_WARN_INFINITE_RECURSION = YES;
				CLANG_WARN_INT_CONVERSION = YES;
				CLANG_WARN_NON_LITERAL_NULL_CONVERSION = YES;
				CLANG_WARN_OBJC_IMPLICIT_RETAIN_SELF = YES;
				CLANG_WARN_OBJC_LITERAL_CONVERSION = YES;
				CLANG_WARN_OBJC_ROOT_CLASS = YES_ERROR;
				CLANG_WARN_RANGE_LOOP_ANALYSIS = YES;
				CLANG_WARN_STRICT_PROTOTYPES = YES;
				CLANG_WARN_SUSPICIOUS_MOVE = YES;
				CLANG_WARN_UNGUARDED_AVAILABILITY = YES_AGGRESSIVE;
				CLANG_WARN_UNREACHABLE_CODE = YES;
				CLANG_WARN__DUPLICATE_METHOD_MATCH = YES;
				COPY_PHASE_STRIP = NO;
				DEBUG_INFORMATION_FORMAT = "dwarf-with-dsym";
				ENABLE_NS_ASSERTIONS = NO;
				ENABLE_STRICT_OBJC_MSGSEND = YES;
				GCC_C_LANGUAGE_STANDARD = gnu11;
				GCC_NO_COMMON_BLOCKS = YES;
				GCC_WARN_64_TO_32_BIT_CONVERSION = YES;
				GCC_WARN_ABOUT_RETURN_TYPE = YES_ERROR;
				GCC_WARN_UNDECLARED_SELECTOR = YES;
				GCC_WARN_UNINITIALIZED_AUTOS = YES_AGGRESSIVE;
				GCC_WARN_UNUSED_FUNCTION = YES;
				GCC_WARN_UNUSED_VARIABLE = YES;
				IPHONEOS_DEPLOYMENT_TARGET = 13.6;
				MTL_ENABLE_DEBUG_INFO = NO;
				MTL_FAST_MATH = YES;
				SDKROOT = iphoneos;
				SWIFT_COMPILATION_MODE = wholemodule;
				SWIFT_OPTIMIZATION_LEVEL = "-O";
				VALIDATE_PRODUCT = YES;
			};
			name = Release;
		};
		2AC9F51724FEB52A0094A177 /* Debug */ = {
			isa = XCBuildConfiguration;
			buildSettings = {
				ASSETCATALOG_COMPILER_APPICON_NAME = AppIcon;
				CODE_SIGN_STYLE = Automatic;
				DEVELOPMENT_TEAM = B64XQ87MVM;
				INFOPLIST_FILE = Calculator/Info.plist;
				LD_RUNPATH_SEARCH_PATHS = (
					"$(inherited)",
					"@executable_path/Frameworks",
				);
				PRODUCT_BUNDLE_IDENTIFIER = com.YanniSperon.Calculator;
				PRODUCT_NAME = "$(TARGET_NAME)";
				SWIFT_VERSION = 5.0;
				TARGETED_DEVICE_FAMILY = "1,2";
			};
			name = Debug;
		};
		2AC9F51824FEB52A0094A177 /* Release */ = {
			isa = XCBuildConfiguration;
			buildSettings = {
				ASSETCATALOG_COMPILER_APPICON_NAME = AppIcon;
				CODE_SIGN_STYLE = Automatic;
				DEVELOPMENT_TEAM = B64XQ87MVM;
				INFOPLIST_FILE = Calculator/Info.plist;
				LD_RUNPATH_SEARCH_PATHS = (
					"$(inherited)",
					"@executable_path/Frameworks",
				);
				PRODUCT_BUNDLE_IDENTIFIER = com.YanniSperon.Calculator;
				PRODUCT_NAME = "$(TARGET_NAME)";
				SWIFT_VERSION = 5.0;
				TARGETED_DEVICE_FAMILY = "1,2";
			};
			name = Release;
		};
		2AC9F51A24FEB52A0094A177 /* Debug */ = {
			isa = XCBuildConfiguration;
			buildSettings = {
				ALWAYS_EMBED_SWIFT_STANDARD_LIBRARIES = YES;
				BUNDLE_LOADER = "$(TEST_HOST)";
				CODE_SIGN_STYLE = Automatic;
				DEVELOPMENT_TEAM = B64XQ87MVM;
				INFOPLIST_FILE = CalculatorTests/Info.plist;
				IPHONEOS_DEPLOYMENT_TARGET = 13.6;
				LD_RUNPATH_SEARCH_PATHS = (
					"$(inherited)",
					"@executable_path/Frameworks",
					"@loader_path/Frameworks",
				);
				PRODUCT_BUNDLE_IDENTIFIER = com.YanniSperon.CalculatorTests;
				PRODUCT_NAME = "$(TARGET_NAME)";
				SWIFT_VERSION = 5.0;
				TARGETED_DEVICE_FAMILY = "1,2";
				TEST_HOST = "$(BUILT_PRODUCTS_DIR)/Calculator.app/Calculator";
			};
			name = Debug;
		};
		2AC9F51B24FEB52A0094A177 /* Release */ = {
			isa = XCBuildConfiguration;
			buildSettings = {
				ALWAYS_EMBED_SWIFT_STANDARD_LIBRARIES = YES;
				BUNDLE_LOADER = "$(TEST_HOST)";
				CODE_SIGN_STYLE = Automatic;
				DEVELOPMENT_TEAM = B64XQ87MVM;
				INFOPLIST_FILE = CalculatorTests/Info.plist;
				IPHONEOS_DEPLOYMENT_TARGET = 13.6;
				LD_RUNPATH_SEARCH_PATHS = (
					"$(inherited)",
					"@executable_path/Frameworks",
					"@loader_path/Frameworks",
				);
				PRODUCT_BUNDLE_IDENTIFIER = com.YanniSperon.CalculatorTests;
				PRODUCT_NAME = "$(TARGET_NAME)";
				SWIFT_VERSION = 5.0;
				TARGETED_DEVICE_FAMILY = "1,2";
				TEST_HOST = "$(BUILT_PRODUCTS_DIR)/Calculator.app/Calculator";
			};
			name = Release;
		};
		2AC9F51D24FEB52A0094A177 /* Debug */ = {
			isa = XCBuildConfiguration;
			buildSettings = {
				ALWAYS_EMBED_SWIFT_STANDARD_LIBRARIES = YES;
				CODE_SIGN_STYLE = Automatic;
				DEVELOPMENT_TEAM = B64XQ87MVM;
				INFOPLIST_FILE = CalculatorUITests/Info.plist;
				LD_RUNPATH_SEARCH_PATHS = (
					"$(inherited)",
					"@executable_path/Frameworks",
					"@loader_path/Frameworks",
				);
				PRODUCT_BUNDLE_IDENTIFIER = com.YanniSperon.CalculatorUITests;
				PRODUCT_NAME = "$(TARGET_NAME)";
				SWIFT_VERSION = 5.0;
				TARGETED_DEVICE_FAMILY = "1,2";
				TEST_TARGET_NAME = Calculator;
			};
			name = Debug;
		};
		2AC9F51E24FEB52A0094A177 /* Release */ = {
			isa = XCBuildConfiguration;
			buildSettings = {
				ALWAYS_EMBED_SWIFT_STANDARD_LIBRARIES = YES;
				CODE_SIGN_STYLE = Automatic;
				DEVELOPMENT_TEAM = B64XQ87MVM;
				INFOPLIST_FILE = CalculatorUITests/Info.plist;
				LD_RUNPATH_SEARCH_PATHS = (
					"$(inherited)",
					"@executable_path/Frameworks",
					"@loader_path/Frameworks",
				);
				PRODUCT_BUNDLE_IDENTIFIER = com.YanniSperon.CalculatorUITests;
				PRODUCT_NAME = "$(TARGET_NAME)";
				SWIFT_VERSION = 5.0;
				TARGETED_DEVICE_FAMILY = "1,2";
				TEST_TARGET_NAME = Calculator;
			};
			name = Release;
		};
/* End XCBuildConfiguration section */

/* Begin XCConfigurationList section */
		2AC9F4E724FEB5280094A177 /* Build configuration list for PBXProject "Calculator" */ = {
			isa = XCConfigurationList;
			buildConfigurations = (
				2AC9F51424FEB52A0094A177 /* Debug */,
				2AC9F51524FEB52A0094A177 /* Release */,
			);
			defaultConfigurationIsVisible = 0;
			defaultConfigurationName = Release;
		};
		2AC9F51624FEB52A0094A177 /* Build configuration list for PBXNativeTarget "Calculator" */ = {
			isa = XCConfigurationList;
			buildConfigurations = (
				2AC9F51724FEB52A0094A177 /* Debug */,
				2AC9F51824FEB52A0094A177 /* Release */,
			);
			defaultConfigurationIsVisible = 0;
			defaultConfigurationName = Release;
		};
		2AC9F51924FEB52A0094A177 /* Build configuration list for PBXNativeTarget "CalculatorTests" */ = {
			isa = XCConfigurationList;
			buildConfigurations = (
				2AC9F51A24FEB52A0094A177 /* Debug */,
				2AC9F51B24FEB52A0094A177 /* Release */,
			);
			defaultConfigurationIsVisible = 0;
			defaultConfigurationName = Release;
		};
		2AC9F51C24FEB52A0094A177 /* Build configuration list for PBXNativeTarget "CalculatorUITests" */ = {
			isa = XCConfigurationList;
			buildConfigurations = (
				2AC9F51D24FEB52A0094A177 /* Debug */,
				2AC9F51E24FEB52A0094A177 /* Release */,
			);
			defaultConfigurationIsVisible = 0;
			defaultConfigurationName = Release;
		};
/* End XCConfigurationList section */
	};
	rootObject = 2AC9F4E424FEB5280094A177 /* Project object */;
}
